
Microsoft Visual Studio Solution File, Format Version 12.00
# Visual Studio Version 17
VisualStudioVersion = 17.8.34322.80
MinimumVisualStudioVersion = 10.0.40219.1
Project("{2150E333-8FDC-42A3-9474-1A3956D46DE8}") = "Lv0", "Lv0", "{9C03D3D1-5F2C-4590-9135-5EAB9F37B1DF}"
EndProject
Project("{FAE04EC0-301F-11D3-BF4B-00C04F79EFBC}") = "ClothStoreDiscount", "Lv0\120818. 옷가게 할인 받기\ClothStoreDiscount.csproj", "{7C1B2D30-835F-4FED-8849-AFF804FD9486}"
EndProject
Project("{FAE04EC0-301F-11D3-BF4B-00C04F79EFBC}") = "Pizza3", "Lv0\120816. 피자 나눠 먹기 3\Pizza3.csproj", "{5D953734-739F-4D4B-B3EB-9E11C3A2678B}"
EndProject
Project("{FAE04EC0-301F-11D3-BF4B-00C04F79EFBC}") = "ArrayAverageValue", "Lv0\120817. 배열의 평균값\ArrayAverageValue.csproj", "{8A21AA6B-92AE-4E8A-8A23-535BBB20EFFF}"
EndProject
Project("{FAE04EC0-301F-11D3-BF4B-00C04F79EFBC}") = "IceAmericano", "Lv0\120819. 아이스 아메리카노\IceAmericano.csproj", "{E77BD0DE-8FA0-455D-B0C2-2408422935FA}"
EndProject
Project("{FAE04EC0-301F-11D3-BF4B-00C04F79EFBC}") = "PrintAge", "Lv0\120820. 나이 출력\PrintAge.csproj", "{0CDA7F94-4BFD-4FDC-9D4B-CACAF29A7D13}"
EndProject
Project("{FAE04EC0-301F-11D3-BF4B-00C04F79EFBC}") = "ReverseArray", "Lv0\120821. 배열 뒤집기\ReverseArray.csproj", "{AB543371-9730-4479-81B0-BC6198BD451A}"
EndProject
Project("{FAE04EC0-301F-11D3-BF4B-00C04F79EFBC}") = "PrintRightTriangle", "Lv0\120823. 직각삼각형 출력하기\PrintRightTriangle\PrintRightTriangle.csproj", "{9A597682-C4BE-4732-B40D-7639565CFC3A}"
EndProject
Project("{FAE04EC0-301F-11D3-BF4B-00C04F79EFBC}") = "ShuffleString", "Lv0\181942. 문자열 섞기\ConsoleApp1\ShuffleString.csproj", "{4CF180DD-5CFC-48F5-81D8-57A0A910DCE7}"
EndProject
Project("{FAE04EC0-301F-11D3-BF4B-00C04F79EFBC}") = "ConvertToString", "Lv0\181941. 문자 리스트를 문자열로 변환하기\ConvertToString\ConvertToString.csproj", "{FD1D4C70-4DD6-4E33-93C1-B16D5255EDEE}"
EndProject
Project("{FAE04EC0-301F-11D3-BF4B-00C04F79EFBC}") = "MultiplyString", "Lv0\181940. 문자열 곱하기\MultiplyString\MultiplyString.csproj", "{58D3ECFE-6468-4E68-B853-5232F4BEECBC}"
EndProject
Project("{FAE04EC0-301F-11D3-BF4B-00C04F79EFBC}") = "GreaterCombination", "Lv0\181939. 더 크게 합치기\GreaterCombination\GreaterCombination.csproj", "{03B0618D-15FC-4786-9F5D-1ABAB9C4632A}"
EndProject
Project("{FAE04EC0-301F-11D3-BF4B-00C04F79EFBC}") = "CompareCalculation", "Lv0\181938. 두 수의 연산값 비교하기\CompareCalculation\CompareCalculation.csproj", "{609EA203-1394-4033-A582-18EA2D157ADB}"
EndProject
Global
	GlobalSection(SolutionConfigurationPlatforms) = preSolution
		Debug|Any CPU = Debug|Any CPU
		Release|Any CPU = Release|Any CPU
	EndGlobalSection
	GlobalSection(ProjectConfigurationPlatforms) = postSolution
		{7C1B2D30-835F-4FED-8849-AFF804FD9486}.Debug|Any CPU.ActiveCfg = Debug|Any CPU
		{7C1B2D30-835F-4FED-8849-AFF804FD9486}.Debug|Any CPU.Build.0 = Debug|Any CPU
		{7C1B2D30-835F-4FED-8849-AFF804FD9486}.Release|Any CPU.ActiveCfg = Release|Any CPU
		{7C1B2D30-835F-4FED-8849-AFF804FD9486}.Release|Any CPU.Build.0 = Release|Any CPU
		{5D953734-739F-4D4B-B3EB-9E11C3A2678B}.Debug|Any CPU.ActiveCfg = Debug|Any CPU
		{5D953734-739F-4D4B-B3EB-9E11C3A2678B}.Debug|Any CPU.Build.0 = Debug|Any CPU
		{5D953734-739F-4D4B-B3EB-9E11C3A2678B}.Release|Any CPU.ActiveCfg = Release|Any CPU
		{5D953734-739F-4D4B-B3EB-9E11C3A2678B}.Release|Any CPU.Build.0 = Release|Any CPU
		{8A21AA6B-92AE-4E8A-8A23-535BBB20EFFF}.Debug|Any CPU.ActiveCfg = Debug|Any CPU
		{8A21AA6B-92AE-4E8A-8A23-535BBB20EFFF}.Debug|Any CPU.Build.0 = Debug|Any CPU
		{8A21AA6B-92AE-4E8A-8A23-535BBB20EFFF}.Release|Any CPU.ActiveCfg = Release|Any CPU
		{8A21AA6B-92AE-4E8A-8A23-535BBB20EFFF}.Release|Any CPU.Build.0 = Release|Any CPU
		{E77BD0DE-8FA0-455D-B0C2-2408422935FA}.Debug|Any CPU.ActiveCfg = Debug|Any CPU
		{E77BD0DE-8FA0-455D-B0C2-2408422935FA}.Debug|Any CPU.Build.0 = Debug|Any CPU
		{E77BD0DE-8FA0-455D-B0C2-2408422935FA}.Release|Any CPU.ActiveCfg = Release|Any CPU
		{E77BD0DE-8FA0-455D-B0C2-2408422935FA}.Release|Any CPU.Build.0 = Release|Any CPU
		{0CDA7F94-4BFD-4FDC-9D4B-CACAF29A7D13}.Debug|Any CPU.ActiveCfg = Debug|Any CPU
		{0CDA7F94-4BFD-4FDC-9D4B-CACAF29A7D13}.Debug|Any CPU.Build.0 = Debug|Any CPU
		{0CDA7F94-4BFD-4FDC-9D4B-CACAF29A7D13}.Release|Any CPU.ActiveCfg = Release|Any CPU
		{0CDA7F94-4BFD-4FDC-9D4B-CACAF29A7D13}.Release|Any CPU.Build.0 = Release|Any CPU
		{AB543371-9730-4479-81B0-BC6198BD451A}.Debug|Any CPU.ActiveCfg = Debug|Any CPU
		{AB543371-9730-4479-81B0-BC6198BD451A}.Debug|Any CPU.Build.0 = Debug|Any CPU
		{AB543371-9730-4479-81B0-BC6198BD451A}.Release|Any CPU.ActiveCfg = Release|Any CPU
		{AB543371-9730-4479-81B0-BC6198BD451A}.Release|Any CPU.Build.0 = Release|Any CPU
		{9A597682-C4BE-4732-B40D-7639565CFC3A}.Debug|Any CPU.ActiveCfg = Debug|Any CPU
		{9A597682-C4BE-4732-B40D-7639565CFC3A}.Debug|Any CPU.Build.0 = Debug|Any CPU
		{9A597682-C4BE-4732-B40D-7639565CFC3A}.Release|Any CPU.ActiveCfg = Release|Any CPU
		{9A597682-C4BE-4732-B40D-7639565CFC3A}.Release|Any CPU.Build.0 = Release|Any CPU
		{4CF180DD-5CFC-48F5-81D8-57A0A910DCE7}.Debug|Any CPU.ActiveCfg = Debug|Any CPU
		{4CF180DD-5CFC-48F5-81D8-57A0A910DCE7}.Debug|Any CPU.Build.0 = Debug|Any CPU
		{4CF180DD-5CFC-48F5-81D8-57A0A910DCE7}.Release|Any CPU.ActiveCfg = Release|Any CPU
		{4CF180DD-5CFC-48F5-81D8-57A0A910DCE7}.Release|Any CPU.Build.0 = Release|Any CPU
		{FD1D4C70-4DD6-4E33-93C1-B16D5255EDEE}.Debug|Any CPU.ActiveCfg = Debug|Any CPU
		{FD1D4C70-4DD6-4E33-93C1-B16D5255EDEE}.Debug|Any CPU.Build.0 = Debug|Any CPU
		{FD1D4C70-4DD6-4E33-93C1-B16D5255EDEE}.Release|Any CPU.ActiveCfg = Release|Any CPU
		{FD1D4C70-4DD6-4E33-93C1-B16D5255EDEE}.Release|Any CPU.Build.0 = Release|Any CPU
		{58D3ECFE-6468-4E68-B853-5232F4BEECBC}.Debug|Any CPU.ActiveCfg = Debug|Any CPU
		{58D3ECFE-6468-4E68-B853-5232F4BEECBC}.Debug|Any CPU.Build.0 = Debug|Any CPU
		{58D3ECFE-6468-4E68-B853-5232F4BEECBC}.Release|Any CPU.ActiveCfg = Release|Any CPU
		{58D3ECFE-6468-4E68-B853-5232F4BEECBC}.Release|Any CPU.Build.0 = Release|Any CPU
		{03B0618D-15FC-4786-9F5D-1ABAB9C4632A}.Debug|Any CPU.ActiveCfg = Debug|Any CPU
		{03B0618D-15FC-4786-9F5D-1ABAB9C4632A}.Debug|Any CPU.Build.0 = Debug|Any CPU
		{03B0618D-15FC-4786-9F5D-1ABAB9C4632A}.Release|Any CPU.ActiveCfg = Release|Any CPU
		{03B0618D-15FC-4786-9F5D-1ABAB9C4632A}.Release|Any CPU.Build.0 = Release|Any CPU
		{609EA203-1394-4033-A582-18EA2D157ADB}.Debug|Any CPU.ActiveCfg = Debug|Any CPU
		{609EA203-1394-4033-A582-18EA2D157ADB}.Debug|Any CPU.Build.0 = Debug|Any CPU
		{609EA203-1394-4033-A582-18EA2D157ADB}.Release|Any CPU.ActiveCfg = Release|Any CPU
		{609EA203-1394-4033-A582-18EA2D157ADB}.Release|Any CPU.Build.0 = Release|Any CPU
	EndGlobalSection
	GlobalSection(SolutionProperties) = preSolution
		HideSolutionNode = FALSE
	EndGlobalSection
	GlobalSection(NestedProjects) = preSolution
		{7C1B2D30-835F-4FED-8849-AFF804FD9486} = {9C03D3D1-5F2C-4590-9135-5EAB9F37B1DF}
		{5D953734-739F-4D4B-B3EB-9E11C3A2678B} = {9C03D3D1-5F2C-4590-9135-5EAB9F37B1DF}
		{8A21AA6B-92AE-4E8A-8A23-535BBB20EFFF} = {9C03D3D1-5F2C-4590-9135-5EAB9F37B1DF}
		{E77BD0DE-8FA0-455D-B0C2-2408422935FA} = {9C03D3D1-5F2C-4590-9135-5EAB9F37B1DF}
		{0CDA7F94-4BFD-4FDC-9D4B-CACAF29A7D13} = {9C03D3D1-5F2C-4590-9135-5EAB9F37B1DF}
		{AB543371-9730-4479-81B0-BC6198BD451A} = {9C03D3D1-5F2C-4590-9135-5EAB9F37B1DF}
		{9A597682-C4BE-4732-B40D-7639565CFC3A} = {9C03D3D1-5F2C-4590-9135-5EAB9F37B1DF}
		{4CF180DD-5CFC-48F5-81D8-57A0A910DCE7} = {9C03D3D1-5F2C-4590-9135-5EAB9F37B1DF}
		{FD1D4C70-4DD6-4E33-93C1-B16D5255EDEE} = {9C03D3D1-5F2C-4590-9135-5EAB9F37B1DF}
		{58D3ECFE-6468-4E68-B853-5232F4BEECBC} = {9C03D3D1-5F2C-4590-9135-5EAB9F37B1DF}
		{03B0618D-15FC-4786-9F5D-1ABAB9C4632A} = {9C03D3D1-5F2C-4590-9135-5EAB9F37B1DF}
		{609EA203-1394-4033-A582-18EA2D157ADB} = {9C03D3D1-5F2C-4590-9135-5EAB9F37B1DF}
	EndGlobalSection
	GlobalSection(ExtensibilityGlobals) = postSolution
		SolutionGuid = {20297656-D4E6-441B-BF86-95AC9C4A182C}
	EndGlobalSection
EndGlobal
