
Microsoft Visual Studio Solution File, Format Version 12.00
# Visual Studio Version 17
VisualStudioVersion = 17.8.34322.80
MinimumVisualStudioVersion = 10.0.40219.1
Project("{FAE04EC0-301F-11D3-BF4B-00C04F79EFBC}") = "Pizza3", "Lv0\Pizza3\Pizza3.csproj", "{5D953734-739F-4D4B-B3EB-9E11C3A2678B}"
EndProject
Project("{2150E333-8FDC-42A3-9474-1A3956D46DE8}") = "Lv0", "Lv0", "{9C03D3D1-5F2C-4590-9135-5EAB9F37B1DF}"
EndProject
Project("{FAE04EC0-301F-11D3-BF4B-00C04F79EFBC}") = "ArrayAverageValue", "Lv0\ArrayAverageValue\ArrayAverageValue.csproj", "{8A21AA6B-92AE-4E8A-8A23-535BBB20EFFF}"
EndProject
Project("{FAE04EC0-301F-11D3-BF4B-00C04F79EFBC}") = "ClothStoreDiscount", "Lv0\120818. 옷가게 할인 받기\ClothStoreDiscount.csproj", "{7C1B2D30-835F-4FED-8849-AFF804FD9486}"
EndProject
Global
	GlobalSection(SolutionConfigurationPlatforms) = preSolution
		Debug|Any CPU = Debug|Any CPU
		Release|Any CPU = Release|Any CPU
	EndGlobalSection
	GlobalSection(ProjectConfigurationPlatforms) = postSolution
		{5D953734-739F-4D4B-B3EB-9E11C3A2678B}.Debug|Any CPU.ActiveCfg = Debug|Any CPU
		{5D953734-739F-4D4B-B3EB-9E11C3A2678B}.Debug|Any CPU.Build.0 = Debug|Any CPU
		{5D953734-739F-4D4B-B3EB-9E11C3A2678B}.Release|Any CPU.ActiveCfg = Release|Any CPU
		{5D953734-739F-4D4B-B3EB-9E11C3A2678B}.Release|Any CPU.Build.0 = Release|Any CPU
		{8A21AA6B-92AE-4E8A-8A23-535BBB20EFFF}.Debug|Any CPU.ActiveCfg = Debug|Any CPU
		{8A21AA6B-92AE-4E8A-8A23-535BBB20EFFF}.Debug|Any CPU.Build.0 = Debug|Any CPU
		{8A21AA6B-92AE-4E8A-8A23-535BBB20EFFF}.Release|Any CPU.ActiveCfg = Release|Any CPU
		{8A21AA6B-92AE-4E8A-8A23-535BBB20EFFF}.Release|Any CPU.Build.0 = Release|Any CPU
		{7C1B2D30-835F-4FED-8849-AFF804FD9486}.Debug|Any CPU.ActiveCfg = Debug|Any CPU
		{7C1B2D30-835F-4FED-8849-AFF804FD9486}.Debug|Any CPU.Build.0 = Debug|Any CPU
		{7C1B2D30-835F-4FED-8849-AFF804FD9486}.Release|Any CPU.ActiveCfg = Release|Any CPU
		{7C1B2D30-835F-4FED-8849-AFF804FD9486}.Release|Any CPU.Build.0 = Release|Any CPU
	EndGlobalSection
	GlobalSection(SolutionProperties) = preSolution
		HideSolutionNode = FALSE
	EndGlobalSection
	GlobalSection(NestedProjects) = preSolution
		{5D953734-739F-4D4B-B3EB-9E11C3A2678B} = {9C03D3D1-5F2C-4590-9135-5EAB9F37B1DF}
		{8A21AA6B-92AE-4E8A-8A23-535BBB20EFFF} = {9C03D3D1-5F2C-4590-9135-5EAB9F37B1DF}
		{7C1B2D30-835F-4FED-8849-AFF804FD9486} = {9C03D3D1-5F2C-4590-9135-5EAB9F37B1DF}
	EndGlobalSection
	GlobalSection(ExtensibilityGlobals) = postSolution
		SolutionGuid = {20297656-D4E6-441B-BF86-95AC9C4A182C}
	EndGlobalSection
EndGlobal
